PODS:
  - AudioKit (4.11.2):
    - AudioKit/Core (= 4.11.2)
    - AudioKit/UI (= 4.11.2)
  - AudioKit/Core (4.11.2)
  - AudioKit/UI (4.11.2):
    - AudioKit/Core

DEPENDENCIES:
  - AudioKit (~> 4.0)

SPEC REPOS:
  trunk:
    - AudioKit

SPEC CHECKSUMS:
  AudioKit: 57cc61d708f085763a031e5c3f87adae21dc4b59

PODFILE CHECKSUM: bc0e0891c674aec5860fb9ddfcb41c4fa22e67f8

COCOAPODS: 1.10.1
