// !$*UTF8*$!
{
	archiveVersion = 1;
	classes = {
	};
	objectVersion = 50;
	objects = {

/* Begin PBXBuildFile section */
		6778AD7426386C4B000B0307 /* HapticManager.swift in Sources */ = {isa = PBXBuildFile; fileRef = 6778AD7326386C4B000B0307 /* HapticManager.swift */; };
		67902A312636CBF70090FDA1 /* PassthroughView.swift in Sources */ = {isa = PBXBuildFile; fileRef = 67902A302636CBF70090FDA1 /* PassthroughView.swift */; };
		67943838262EFC6700ADA064 /* AppDelegate.swift in Sources */ = {isa = PBXBuildFile; fileRef = 67943837262EFC6700ADA064 /* AppDelegate.swift */; };
		6794383A262EFC6700ADA064 /* SceneDelegate.swift in Sources */ = {isa = PBXBuildFile; fileRef = 67943839262EFC6700ADA064 /* SceneDelegate.swift */; };
		6794383C262EFC6700ADA064 /* ViewController.swift in Sources */ = {isa = PBXBuildFile; fileRef = 6794383B262EFC6700ADA064 /* ViewController.swift */; };
		6794383F262EFC6700ADA064 /* Main.storyboard in Resources */ = {isa = PBXBuildFile; fileRef = 6794383D262EFC6700ADA064 /* Main.storyboard */; };
		67943841262EFC6800ADA064 /* Assets.xcassets in Resources */ = {isa = PBXBuildFile; fileRef = 67943840262EFC6800ADA064 /* Assets.xcassets */; };
		67943844262EFC6800ADA064 /* LaunchScreen.storyboard in Resources */ = {isa = PBXBuildFile; fileRef = 67943842262EFC6800ADA064 /* LaunchScreen.storyboard */; };
		6794385A262EFE6100ADA064 /* cuk.wav in Resources */ = {isa = PBXBuildFile; fileRef = 67943854262EFE6000ADA064 /* cuk.wav */; };
		6794385B262EFE6100ADA064 /* p1.wav in Resources */ = {isa = PBXBuildFile; fileRef = 67943855262EFE6000ADA064 /* p1.wav */; };
		6794385C262EFE6100ADA064 /* z1.wav in Resources */ = {isa = PBXBuildFile; fileRef = 67943856262EFE6000ADA064 /* z1.wav */; };
		6794385D262EFE6100ADA064 /* m1.wav in Resources */ = {isa = PBXBuildFile; fileRef = 67943857262EFE6000ADA064 /* m1.wav */; };
		6794385E262EFE6100ADA064 /* zemlja.mp3 in Resources */ = {isa = PBXBuildFile; fileRef = 67943858262EFE6000ADA064 /* zemlja.mp3 */; };
		6794385F262EFE6100ADA064 /* v1.wav in Resources */ = {isa = PBXBuildFile; fileRef = 67943859262EFE6000ADA064 /* v1.wav */; };
		67943863262F0F9600ADA064 /* Split.swift in Sources */ = {isa = PBXBuildFile; fileRef = 67943862262F0F9600ADA064 /* Split.swift */; };
		67943867262F305600ADA064 /* SplitCell.swift in Sources */ = {isa = PBXBuildFile; fileRef = 67943866262F305600ADA064 /* SplitCell.swift */; };
		67AEFC8B263059290058AF18 /* HapticGenerator.swift in Sources */ = {isa = PBXBuildFile; fileRef = 67AEFC8A263059290058AF18 /* HapticGenerator.swift */; };
		67AEFCBC263059890058AF18 /* FeedbackGenerator.swift in Sources */ = {isa = PBXBuildFile; fileRef = 67AEFCBB263059890058AF18 /* FeedbackGenerator.swift */; };
		67D33081264045B200F9D8C5 /* HotelSong.mp3 in Resources */ = {isa = PBXBuildFile; fileRef = 67D33080264045B200F9D8C5 /* HotelSong.mp3 */; };
		FFF0F307FAB71A55879218C7 /* Pods_ReMind.framework in Frameworks */ = {isa = PBXBuildFile; fileRef = 8CAAECFDC996CF90F5155D3D /* Pods_ReMind.framework */; };
/* End PBXBuildFile section */

/* Begin PBXFileReference section */
		29E1F43AD72A63D9D76FF530 /* Pods-ReMind.debug.xcconfig */ = {isa = PBXFileReference; includeInIndex = 1; lastKnownFileType = text.xcconfig; name = "Pods-ReMind.debug.xcconfig"; path = "Target Support Files/Pods-ReMind/Pods-ReMind.debug.xcconfig"; sourceTree = "<group>"; };
		6778AD7326386C4B000B0307 /* HapticManager.swift */ = {isa = PBXFileReference; lastKnownFileType = sourcecode.swift; path = HapticManager.swift; sourceTree = "<group>"; };
		67902A302636CBF70090FDA1 /* PassthroughView.swift */ = {isa = PBXFileReference; lastKnownFileType = sourcecode.swift; path = PassthroughView.swift; sourceTree = "<group>"; };
		67943834262EFC6700ADA064 /* ReMind.app */ = {isa = PBXFileReference; explicitFileType = wrapper.application; includeInIndex = 0; path = ReMind.app; sourceTree = BUILT_PRODUCTS_DIR; };
		67943837262EFC6700ADA064 /* AppDelegate.swift */ = {isa = PBXFileReference; lastKnownFileType = sourcecode.swift; path = AppDelegate.swift; sourceTree = "<group>"; };
		67943839262EFC6700ADA064 /* SceneDelegate.swift */ = {isa = PBXFileReference; lastKnownFileType = sourcecode.swift; path = SceneDelegate.swift; sourceTree = "<group>"; };
		6794383B262EFC6700ADA064 /* ViewController.swift */ = {isa = PBXFileReference; lastKnownFileType = sourcecode.swift; path = ViewController.swift; sourceTree = "<group>"; };
		6794383E262EFC6700ADA064 /* Base */ = {isa = PBXFileReference; lastKnownFileType = file.storyboard; name = Base; path = Base.lproj/Main.storyboard; sourceTree = "<group>"; };
		67943840262EFC6800ADA064 /* Assets.xcassets */ = {isa = PBXFileReference; lastKnownFileType = folder.assetcatalog; path = Assets.xcassets; sourceTree = "<group>"; };
		67943843262EFC6800ADA064 /* Base */ = {isa = PBXFileReference; lastKnownFileType = file.storyboard; name = Base; path = Base.lproj/LaunchScreen.storyboard; sourceTree = "<group>"; };
		67943845262EFC6800ADA064 /* Info.plist */ = {isa = PBXFileReference; lastKnownFileType = text.plist.xml; path = Info.plist; sourceTree = "<group>"; };
		67943854262EFE6000ADA064 /* cuk.wav */ = {isa = PBXFileReference; lastKnownFileType = audio.wav; path = cuk.wav; sourceTree = "<group>"; };
		67943855262EFE6000ADA064 /* p1.wav */ = {isa = PBXFileReference; lastKnownFileType = audio.wav; path = p1.wav; sourceTree = "<group>"; };
		67943856262EFE6000ADA064 /* z1.wav */ = {isa = PBXFileReference; lastKnownFileType = audio.wav; path = z1.wav; sourceTree = "<group>"; };
		67943857262EFE6000ADA064 /* m1.wav */ = {isa = PBXFileReference; lastKnownFileType = audio.wav; path = m1.wav; sourceTree = "<group>"; };
		67943858262EFE6000ADA064 /* zemlja.mp3 */ = {isa = PBXFileReference; lastKnownFileType = audio.mp3; path = zemlja.mp3; sourceTree = "<group>"; };
		67943859262EFE6000ADA064 /* v1.wav */ = {isa = PBXFileReference; lastKnownFileType = audio.wav; path = v1.wav; sourceTree = "<group>"; };
		67943862262F0F9600ADA064 /* Split.swift */ = {isa = PBXFileReference; lastKnownFileType = sourcecode.swift; path = Split.swift; sourceTree = "<group>"; };
		67943866262F305600ADA064 /* SplitCell.swift */ = {isa = PBXFileReference; lastKnownFileType = sourcecode.swift; path = SplitCell.swift; sourceTree = "<group>"; };
		67AEFC8A263059290058AF18 /* HapticGenerator.swift */ = {isa = PBXFileReference; lastKnownFileType = sourcecode.swift; path = HapticGenerator.swift; sourceTree = "<group>"; };
		67AEFCBB263059890058AF18 /* FeedbackGenerator.swift */ = {isa = PBXFileReference; lastKnownFileType = sourcecode.swift; path = FeedbackGenerator.swift; sourceTree = "<group>"; };
		67D33080264045B200F9D8C5 /* HotelSong.mp3 */ = {isa = PBXFileReference; lastKnownFileType = audio.mp3; path = HotelSong.mp3; sourceTree = "<group>"; };
		7314103116BF6E9527B0FF8B /* Pods-ReMind.release.xcconfig */ = {isa = PBXFileReference; includeInIndex = 1; lastKnownFileType = text.xcconfig; name = "Pods-ReMind.release.xcconfig"; path = "Target Support Files/Pods-ReMind/Pods-ReMind.release.xcconfig"; sourceTree = "<group>"; };
		8CAAECFDC996CF90F5155D3D /* Pods_ReMind.framework */ = {isa = PBXFileReference; explicitFileType = wrapper.framework; includeInIndex = 0; path = Pods_ReMind.framework; sourceTree = BUILT_PRODUCTS_DIR; };
/* End PBXFileReference section */

/* Begin PBXFrameworksBuildPhase section */
		67943831262EFC6700ADA064 /* Frameworks */ = {
			isa = PBXFrameworksBuildPhase;
			buildActionMask = 2147483647;
			files = (
				FFF0F307FAB71A55879218C7 /* Pods_ReMind.framework in Frameworks */,
			);
			runOnlyForDeploymentPostprocessing = 0;
		};
/* End PBXFrameworksBuildPhase section */

/* Begin PBXGroup section */
		6794382B262EFC6700ADA064 = {
			isa = PBXGroup;
			children = (
				67943836262EFC6700ADA064 /* ReMind */,
				67943835262EFC6700ADA064 /* Products */,
				6884309CD928810207BB2F1C /* Pods */,
				903C1F0BD6536FF0236EAB86 /* Frameworks */,
			);
			sourceTree = "<group>";
		};
		67943835262EFC6700ADA064 /* Products */ = {
			isa = PBXGroup;
			children = (
				67943834262EFC6700ADA064 /* ReMind.app */,
			);
			name = Products;
			sourceTree = "<group>";
		};
		67943836262EFC6700ADA064 /* ReMind */ = {
			isa = PBXGroup;
			children = (
				67943853262EFE5900ADA064 /* Sounds */,
				67943837262EFC6700ADA064 /* AppDelegate.swift */,
				67943839262EFC6700ADA064 /* SceneDelegate.swift */,
				6794383B262EFC6700ADA064 /* ViewController.swift */,
				67943862262F0F9600ADA064 /* Split.swift */,
				6794383D262EFC6700ADA064 /* Main.storyboard */,
				67943840262EFC6800ADA064 /* Assets.xcassets */,
				67943842262EFC6800ADA064 /* LaunchScreen.storyboard */,
				67943845262EFC6800ADA064 /* Info.plist */,
				67943866262F305600ADA064 /* SplitCell.swift */,
				67AEFC8A263059290058AF18 /* HapticGenerator.swift */,
				67AEFCBB263059890058AF18 /* FeedbackGenerator.swift */,
				67902A302636CBF70090FDA1 /* PassthroughView.swift */,
				6778AD7326386C4B000B0307 /* HapticManager.swift */,
			);
			path = ReMind;
			sourceTree = "<group>";
		};
		67943853262EFE5900ADA064 /* Sounds */ = {
			isa = PBXGroup;
			children = (
				67943854262EFE6000ADA064 /* cuk.wav */,
				67943857262EFE6000ADA064 /* m1.wav */,
				67943855262EFE6000ADA064 /* p1.wav */,
				67943859262EFE6000ADA064 /* v1.wav */,
				67943856262EFE6000ADA064 /* z1.wav */,
				67943858262EFE6000ADA064 /* zemlja.mp3 */,
				67D33080264045B200F9D8C5 /* HotelSong.mp3 */,
			);
			path = Sounds;
			sourceTree = "<group>";
		};
		6884309CD928810207BB2F1C /* Pods */ = {
			isa = PBXGroup;
			children = (
				29E1F43AD72A63D9D76FF530 /* Pods-ReMind.debug.xcconfig */,
				7314103116BF6E9527B0FF8B /* Pods-ReMind.release.xcconfig */,
			);
			path = Pods;
			sourceTree = "<group>";
		};
		903C1F0BD6536FF0236EAB86 /* Frameworks */ = {
			isa = PBXGroup;
			children = (
				8CAAECFDC996CF90F5155D3D /* Pods_ReMind.framework */,
			);
			name = Frameworks;
			sourceTree = "<group>";
		};
/* End PBXGroup section */

/* Begin PBXNativeTarget section */
		67943833262EFC6700ADA064 /* ReMind */ = {
			isa = PBXNativeTarget;
			buildConfigurationList = 67943848262EFC6800ADA064 /* Build configuration list for PBXNativeTarget "ReMind" */;
			buildPhases = (
				1D8C7BBA73E8149ED5679D30 /* [CP] Check Pods Manifest.lock */,
				67943830262EFC6700ADA064 /* Sources */,
				67943831262EFC6700ADA064 /* Frameworks */,
				67943832262EFC6700ADA064 /* Resources */,
			);
			buildRules = (
			);
			dependencies = (
			);
			name = ReMind;
			productName = ReMind;
			productReference = 67943834262EFC6700ADA064 /* ReMind.app */;
			productType = "com.apple.product-type.application";
		};
/* End PBXNativeTarget section */

/* Begin PBXProject section */
		6794382C262EFC6700ADA064 /* Project object */ = {
			isa = PBXProject;
			attributes = {
				LastSwiftUpdateCheck = 1240;
				LastUpgradeCheck = 1240;
				TargetAttributes = {
					67943833262EFC6700ADA064 = {
						CreatedOnToolsVersion = 12.4;
					};
				};
			};
			buildConfigurationList = 6794382F262EFC6700ADA064 /* Build configuration list for PBXProject "ReMind" */;
			compatibilityVersion = "Xcode 9.3";
			developmentRegion = en;
			hasScannedForEncodings = 0;
			knownRegions = (
				en,
				Base,
			);
			mainGroup = 6794382B262EFC6700ADA064;
			productRefGroup = 67943835262EFC6700ADA064 /* Products */;
			projectDirPath = "";
			projectRoot = "";
			targets = (
				67943833262EFC6700ADA064 /* ReMind */,
			);
		};
/* End PBXProject section */

/* Begin PBXResourcesBuildPhase section */
		67943832262EFC6700ADA064 /* Resources */ = {
			isa = PBXResourcesBuildPhase;
			buildActionMask = 2147483647;
			files = (
				67D33081264045B200F9D8C5 /* HotelSong.mp3 in Resources */,
				6794385B262EFE6100ADA064 /* p1.wav in Resources */,
				67943844262EFC6800ADA064 /* LaunchScreen.storyboard in Resources */,
				67943841262EFC6800ADA064 /* Assets.xcassets in Resources */,
				6794385E262EFE6100ADA064 /* zemlja.mp3 in Resources */,
				6794385C262EFE6100ADA064 /* z1.wav in Resources */,
				6794385A262EFE6100ADA064 /* cuk.wav in Resources */,
				6794383F262EFC6700ADA064 /* Main.storyboard in Resources */,
				6794385D262EFE6100ADA064 /* m1.wav in Resources */,
				6794385F262EFE6100ADA064 /* v1.wav in Resources */,
			);
			runOnlyForDeploymentPostprocessing = 0;
		};
/* End PBXResourcesBuildPhase section */

/* Begin PBXShellScriptBuildPhase section */
		1D8C7BBA73E8149ED5679D30 /* [CP] Check Pods Manifest.lock */ = {
			isa = PBXShellScriptBuildPhase;
			buildActionMask = 2147483647;
			files = (
			);
			inputFileListPaths = (
			);
			inputPaths = (
				"${PODS_PODFILE_DIR_PATH}/Podfile.lock",
				"${PODS_ROOT}/Manifest.lock",
			);
			name = "[CP] Check Pods Manifest.lock";
			outputFileListPaths = (
			);
			outputPaths = (
				"$(DERIVED_FILE_DIR)/Pods-ReMind-checkManifestLockResult.txt",
			);
			runOnlyForDeploymentPostprocessing = 0;
			shellPath = /bin/sh;
			shellScript = "diff \"${PODS_PODFILE_DIR_PATH}/Podfile.lock\" \"${PODS_ROOT}/Manifest.lock\" > /dev/null\nif [ $? != 0 ] ; then\n    # print error to STDERR\n    echo \"error: The sandbox is not in sync with the Podfile.lock. Run 'pod install' or update your CocoaPods installation.\" >&2\n    exit 1\nfi\n# This output is used by Xcode 'outputs' to avoid re-running this script phase.\necho \"SUCCESS\" > \"${SCRIPT_OUTPUT_FILE_0}\"\n";
			showEnvVarsInLog = 0;
		};
/* End PBXShellScriptBuildPhase section */

/* Begin PBXSourcesBuildPhase section */
		67943830262EFC6700ADA064 /* Sources */ = {
			isa = PBXSourcesBuildPhase;
			buildActionMask = 2147483647;
			files = (
				6794383C262EFC6700ADA064 /* ViewController.swift in Sources */,
				67AEFCBC263059890058AF18 /* FeedbackGenerator.swift in Sources */,
				67943838262EFC6700ADA064 /* AppDelegate.swift in Sources */,
				67902A312636CBF70090FDA1 /* PassthroughView.swift in Sources */,
				67AEFC8B263059290058AF18 /* HapticGenerator.swift in Sources */,
				67943863262F0F9600ADA064 /* Split.swift in Sources */,
				6794383A262EFC6700ADA064 /* SceneDelegate.swift in Sources */,
				6778AD7426386C4B000B0307 /* HapticManager.swift in Sources */,
				67943867262F305600ADA064 /* SplitCell.swift in Sources */,
			);
			runOnlyForDeploymentPostprocessing = 0;
		};
/* End PBXSourcesBuildPhase section */

/* Begin PBXVariantGroup section */
		6794383D262EFC6700ADA064 /* Main.storyboard */ = {
			isa = PBXVariantGroup;
			children = (
				6794383E262EFC6700ADA064 /* Base */,
			);
			name = Main.storyboard;
			sourceTree = "<group>";
		};
		67943842262EFC6800ADA064 /* LaunchScreen.storyboard */ = {
			isa = PBXVariantGroup;
			children = (
				67943843262EFC6800ADA064 /* Base */,
			);
			name = LaunchScreen.storyboard;
			sourceTree = "<group>";
		};
/* End PBXVariantGroup section */

/* Begin XCBuildConfiguration section */
		67943846262EFC6800ADA064 /* Debug */ = {
			isa = XCBuildConfiguration;
			buildSettings = {
				ALWAYS_SEARCH_USER_PATHS = NO;
				CLANG_ANALYZER_NONNULL = YES;
				CLANG_ANALYZER_NUMBER_OBJECT_CONVERSION = YES_AGGRESSIVE;
				CLANG_CXX_LANGUAGE_STANDARD = "gnu++14";
				CLANG_CXX_LIBRARY = "libc++";
				CLANG_ENABLE_MODULES = YES;
				CLANG_ENABLE_OBJC_ARC = YES;
				CLANG_ENABLE_OBJC_WEAK = YES;
				CLANG_WARN_BLOCK_CAPTURE_AUTORELEASING = YES;
				CLANG_WARN_BOOL_CONVERSION = YES;
				CLANG_WARN_COMMA = YES;
				CLANG_WARN_CONSTANT_CONVERSION = YES;
				CLANG_WARN_DEPRECATED_OBJC_IMPLEMENTATIONS = YES;
				CLANG_WARN_DIRECT_OBJC_ISA_USAGE = YES_ERROR;
				CLANG_WARN_DOCUMENTATION_COMMENTS = YES;
				CLANG_WARN_EMPTY_BODY = YES;
				CLANG_WARN_ENUM_CONVERSION = YES;
				CLANG_WARN_INFINITE_RECURSION = YES;
				CLANG_WARN_INT_CONVERSION = YES;
				CLANG_WARN_NON_LITERAL_NULL_CONVERSION = YES;
				CLANG_WARN_OBJC_IMPLICIT_RETAIN_SELF = YES;
				CLANG_WARN_OBJC_LITERAL_CONVERSION = YES;
				CLANG_WARN_OBJC_ROOT_CLASS = YES_ERROR;
				CLANG_WARN_QUOTED_INCLUDE_IN_FRAMEWORK_HEADER = YES;
				CLANG_WARN_RANGE_LOOP_ANALYSIS = YES;
				CLANG_WARN_STRICT_PROTOTYPES = YES;
				CLANG_WARN_SUSPICIOUS_MOVE = YES;
				CLANG_WARN_UNGUARDED_AVAILABILITY = YES_AGGRESSIVE;
				CLANG_WARN_UNREACHABLE_CODE = YES;
				CLANG_WARN__DUPLICATE_METHOD_MATCH = YES;
				COPY_PHASE_STRIP = NO;
				DEBUG_INFORMATION_FORMAT = dwarf;
				ENABLE_STRICT_OBJC_MSGSEND = YES;
				ENABLE_TESTABILITY = YES;
				GCC_C_LANGUAGE_STANDARD = gnu11;
				GCC_DYNAMIC_NO_PIC = NO;
				GCC_NO_COMMON_BLOCKS = YES;
				GCC_OPTIMIZATION_LEVEL = 0;
				GCC_PREPROCESSOR_DEFINITIONS = (
					"DEBUG=1",
					"$(inherited)",
				);
				GCC_WARN_64_TO_32_BIT_CONVERSION = YES;
				GCC_WARN_ABOUT_RETURN_TYPE = YES_ERROR;
				GCC_WARN_UNDECLARED_SELECTOR = YES;
				GCC_WARN_UNINITIALIZED_AUTOS = YES_AGGRESSIVE;
				GCC_WARN_UNUSED_FUNCTION = YES;
				GCC_WARN_UNUSED_VARIABLE = YES;
				IPHONEOS_DEPLOYMENT_TARGET = 14.4;
				MTL_ENABLE_DEBUG_INFO = INCLUDE_SOURCE;
				MTL_FAST_MATH = YES;
				ONLY_ACTIVE_ARCH = YES;
				SDKROOT = iphoneos;
				SWIFT_ACTIVE_COMPILATION_CONDITIONS = DEBUG;
				SWIFT_OPTIMIZATION_LEVEL = "-Onone";
			};
			name = Debug;
		};
		67943847262EFC6800ADA064 /* Release */ = {
			isa = XCBuildConfiguration;
			buildSettings = {
				ALWAYS_SEARCH_USER_PATHS = NO;
				CLANG_ANALYZER_NONNULL = YES;
				CLANG_ANALYZER_NUMBER_OBJECT_CONVERSION = YES_AGGRESSIVE;
				CLANG_CXX_LANGUAGE_STANDARD = "gnu++14";
				CLANG_CXX_LIBRARY = "libc++";
				CLANG_ENABLE_MODULES = YES;
				CLANG_ENABLE_OBJC_ARC = YES;
				CLANG_ENABLE_OBJC_WEAK = YES;
				CLANG_WARN_BLOCK_CAPTURE_AUTORELEASING = YES;
				CLANG_WARN_BOOL_CONVERSION = YES;
				CLANG_WARN_COMMA = YES;
				CLANG_WARN_CONSTANT_CONVERSION = YES;
				CLANG_WARN_DEPRECATED_OBJC_IMPLEMENTATIONS = YES;
				CLANG_WARN_DIRECT_OBJC_ISA_USAGE = YES_ERROR;
				CLANG_WARN_DOCUMENTATION_COMMENTS = YES;
				CLANG_WARN_EMPTY_BODY = YES;
				CLANG_WARN_ENUM_CONVERSION = YES;
				CLANG_WARN_INFINITE_RECURSION = YES;
				CLANG_WARN_INT_CONVERSION = YES;
				CLANG_WARN_NON_LITERAL_NULL_CONVERSION = YES;
				CLANG_WARN_OBJC_IMPLICIT_RETAIN_SELF = YES;
				CLANG_WARN_OBJC_LITERAL_CONVERSION = YES;
				CLANG_WARN_OBJC_ROOT_CLASS = YES_ERROR;
				CLANG_WARN_QUOTED_INCLUDE_IN_FRAMEWORK_HEADER = YES;
				CLANG_WARN_RANGE_LOOP_ANALYSIS = YES;
				CLANG_WARN_STRICT_PROTOTYPES = YES;
				CLANG_WARN_SUSPICIOUS_MOVE = YES;
				CLANG_WARN_UNGUARDED_AVAILABILITY = YES_AGGRESSIVE;
				CLANG_WARN_UNREACHABLE_CODE = YES;
				CLANG_WARN__DUPLICATE_METHOD_MATCH = YES;
				COPY_PHASE_STRIP = NO;
				DEBUG_INFORMATION_FORMAT = "dwarf-with-dsym";
				ENABLE_NS_ASSERTIONS = NO;
				ENABLE_STRICT_OBJC_MSGSEND = YES;
				GCC_C_LANGUAGE_STANDARD = gnu11;
				GCC_NO_COMMON_BLOCKS = YES;
				GCC_WARN_64_TO_32_BIT_CONVERSION = YES;
				GCC_WARN_ABOUT_RETURN_TYPE = YES_ERROR;
				GCC_WARN_UNDECLARED_SELECTOR = YES;
				GCC_WARN_UNINITIALIZED_AUTOS = YES_AGGRESSIVE;
				GCC_WARN_UNUSED_FUNCTION = YES;
				GCC_WARN_UNUSED_VARIABLE = YES;
				IPHONEOS_DEPLOYMENT_TARGET = 14.4;
				MTL_ENABLE_DEBUG_INFO = NO;
				MTL_FAST_MATH = YES;
				SDKROOT = iphoneos;
				SWIFT_COMPILATION_MODE = wholemodule;
				SWIFT_OPTIMIZATION_LEVEL = "-O";
				VALIDATE_PRODUCT = YES;
			};
			name = Release;
		};
		67943849262EFC6800ADA064 /* Debug */ = {
			isa = XCBuildConfiguration;
			baseConfigurationReference = 29E1F43AD72A63D9D76FF530 /* Pods-ReMind.debug.xcconfig */;
			buildSettings = {
				ASSETCATALOG_COMPILER_APPICON_NAME = AppIcon;
				ASSETCATALOG_COMPILER_GLOBAL_ACCENT_COLOR_NAME = AccentColor;
				CODE_SIGN_STYLE = Automatic;
				DEVELOPMENT_TEAM = 2HG8AL7F4U;
				INFOPLIST_FILE = ReMind/Info.plist;
				LD_RUNPATH_SEARCH_PATHS = (
					"$(inherited)",
					"@executable_path/Frameworks",
				);
				PRODUCT_BUNDLE_IDENTIFIER = com.elemes.ReMind;
				PRODUCT_NAME = "$(TARGET_NAME)";
				SWIFT_VERSION = 5.0;
				TARGETED_DEVICE_FAMILY = "1,2";
			};
			name = Debug;
		};
		6794384A262EFC6800ADA064 /* Release */ = {
			isa = XCBuildConfiguration;
			baseConfigurationReference = 7314103116BF6E9527B0FF8B /* Pods-ReMind.release.xcconfig */;
			buildSettings = {
				ASSETCATALOG_COMPILER_APPICON_NAME = AppIcon;
				ASSETCATALOG_COMPILER_GLOBAL_ACCENT_COLOR_NAME = AccentColor;
				CODE_SIGN_STYLE = Automatic;
				DEVELOPMENT_TEAM = 2HG8AL7F4U;
				INFOPLIST_FILE = ReMind/Info.plist;
				LD_RUNPATH_SEARCH_PATHS = (
					"$(inherited)",
					"@executable_path/Frameworks",
				);
				PRODUCT_BUNDLE_IDENTIFIER = com.elemes.ReMind;
				PRODUCT_NAME = "$(TARGET_NAME)";
				SWIFT_VERSION = 5.0;
				TARGETED_DEVICE_FAMILY = "1,2";
			};
			name = Release;
		};
/* End XCBuildConfiguration section */

/* Begin XCConfigurationList section */
		6794382F262EFC6700ADA064 /* Build configuration list for PBXProject "ReMind" */ = {
			isa = XCConfigurationList;
			buildConfigurations = (
				67943846262EFC6800ADA064 /* Debug */,
				67943847262EFC6800ADA064 /* Release */,
			);
			defaultConfigurationIsVisible = 0;
			defaultConfigurationName = Release;
		};
		67943848262EFC6800ADA064 /* Build configuration list for PBXNativeTarget "ReMind" */ = {
			isa = XCConfigurationList;
			buildConfigurations = (
				67943849262EFC6800ADA064 /* Debug */,
				6794384A262EFC6800ADA064 /* Release */,
			);
			defaultConfigurationIsVisible = 0;
			defaultConfigurationName = Release;
		};
/* End XCConfigurationList section */
	};
	rootObject = 6794382C262EFC6700ADA064 /* Project object */;
}
